
Microsoft Visual Studio Solution File, Format Version 12.00
# Visual Studio Version 16
VisualStudioVersion = 16.0.29324.140
MinimumVisualStudioVersion = 10.0.40219.1
Project("{8BC9CEB8-8B4A-11D0-8D11-00A0C91BC942}") = "main lab 7", "main lab 7.vcxproj", "{7AA6D9BE-4851-4ED0-91F8-AD73A03C36ED}"
EndProject
Global
	GlobalSection(SolutionConfigurationPlatforms) = preSolution
		Debug|x64 = Debug|x64
		Debug|x86 = Debug|x86
		Release|x64 = Release|x64
		Release|x86 = Release|x86
	EndGlobalSection
	GlobalSection(ProjectConfigurationPlatforms) = postSolution
		{7AA6D9BE-4851-4ED0-91F8-AD73A03C36ED}.Debug|x64.ActiveCfg = Debug|x64
		{7AA6D9BE-4851-4ED0-91F8-AD73A03C36ED}.Debug|x64.Build.0 = Debug|x64
		{7AA6D9BE-4851-4ED0-91F8-AD73A03C36ED}.Debug|x86.ActiveCfg = Debug|Win32
		{7AA6D9BE-4851-4ED0-91F8-AD73A03C36ED}.Debug|x86.Build.0 = Debug|Win32
		{7AA6D9BE-4851-4ED0-91F8-AD73A03C36ED}.Release|x64.ActiveCfg = Release|x64
		{7AA6D9BE-4851-4ED0-91F8-AD73A03C36ED}.Release|x64.Build.0 = Release|x64
		{7AA6D9BE-4851-4ED0-91F8-AD73A03C36ED}.Release|x86.ActiveCfg = Release|Win32
		{7AA6D9BE-4851-4ED0-91F8-AD73A03C36ED}.Release|x86.Build.0 = Release|Win32
	EndGlobalSection
	GlobalSection(SolutionProperties) = preSolution
		HideSolutionNode = FALSE
	EndGlobalSection
	GlobalSection(ExtensibilityGlobals) = postSolution
		SolutionGuid = {09F61B94-1064-48BF-BF9F-8C6A3A458882}
	EndGlobalSection
EndGlobal
